
Microsoft Visual Studio Solution File, Format Version 12.00
# Visual Studio 15
VisualStudioVersion = 15.0.27130.2027
MinimumVisualStudioVersion = 10.0.40219.1
Project("{FAE04EC0-301F-11D3-BF4B-00C04F79EFBC}") = "Gestures", "Gestures.csproj", "{40EA342A-25A4-4136-BA0E-7459F556B823}"
EndProject
Global
	GlobalSection(SolutionConfigurationPlatforms) = preSolution
		Debug|Any CPU = Debug|Any CPU
		Release|Any CPU = Release|Any CPU
	EndGlobalSection
	GlobalSection(ProjectConfigurationPlatforms) = postSolution
		{40EA342A-25A4-4136-BA0E-7459F556B823}.Debug|Any CPU.ActiveCfg = Debug|Any CPU
		{40EA342A-25A4-4136-BA0E-7459F556B823}.Debug|Any CPU.Build.0 = Debug|Any CPU
		{40EA342A-25A4-4136-BA0E-7459F556B823}.Debug|Any CPU.Deploy.0 = Debug|Any CPU
		{40EA342A-25A4-4136-BA0E-7459F556B823}.Release|Any CPU.ActiveCfg = Release|Any CPU
		{40EA342A-25A4-4136-BA0E-7459F556B823}.Release|Any CPU.Build.0 = Release|Any CPU
	EndGlobalSection
	GlobalSection(SolutionProperties) = preSolution
		HideSolutionNode = FALSE
	EndGlobalSection
	GlobalSection(ExtensibilityGlobals) = postSolution
		SolutionGuid = {E47071F7-B3E3-4BE3-89C7-CEC4AB476E98}
	EndGlobalSection
EndGlobal
